
Microsoft Visual Studio Solution File, Format Version 12.00
# Visual Studio Version 17
VisualStudioVersion = 17.7.34031.279
MinimumVisualStudioVersion = 10.0.40219.1
Project("{FAE04EC0-301F-11D3-BF4B-00C04F79EFBC}") = "Home01_Calculater", "Home01_Calculater.csproj", "{F6019E13-B930-4E61-84DC-D3C3721AB162}"
EndProject
Global
	GlobalSection(SolutionConfigurationPlatforms) = preSolution
		Debug|Any CPU = Debug|Any CPU
		Release|Any CPU = Release|Any CPU
	EndGlobalSection
	GlobalSection(ProjectConfigurationPlatforms) = postSolution
		{F6019E13-B930-4E61-84DC-D3C3721AB162}.Debug|Any CPU.ActiveCfg = Debug|Any CPU
		{F6019E13-B930-4E61-84DC-D3C3721AB162}.Debug|Any CPU.Build.0 = Debug|Any CPU
		{F6019E13-B930-4E61-84DC-D3C3721AB162}.Release|Any CPU.ActiveCfg = Release|Any CPU
		{F6019E13-B930-4E61-84DC-D3C3721AB162}.Release|Any CPU.Build.0 = Release|Any CPU
	EndGlobalSection
	GlobalSection(SolutionProperties) = preSolution
		HideSolutionNode = FALSE
	EndGlobalSection
	GlobalSection(ExtensibilityGlobals) = postSolution
		SolutionGuid = {F6BEABF6-7EC6-4BF8-B0F2-927FB97876AE}
	EndGlobalSection
EndGlobal
